
Microsoft Visual Studio Solution File, Format Version 12.00
# Visual Studio Version 17
VisualStudioVersion = 17.10.35027.167
MinimumVisualStudioVersion = 10.0.40219.1
Project("{FAE04EC0-301F-11D3-BF4B-00C04F79EFBC}") = "Ejemplo2", "Ejemplo2\Ejemplo2.csproj", "{320FABF7-74A5-4301-9FA3-D0B4093091A0}"
EndProject
Global
	GlobalSection(SolutionConfigurationPlatforms) = preSolution
		Debug|Any CPU = Debug|Any CPU
		Release|Any CPU = Release|Any CPU
	EndGlobalSection
	GlobalSection(ProjectConfigurationPlatforms) = postSolution
		{320FABF7-74A5-4301-9FA3-D0B4093091A0}.Debug|Any CPU.ActiveCfg = Debug|Any CPU
		{320FABF7-74A5-4301-9FA3-D0B4093091A0}.Debug|Any CPU.Build.0 = Debug|Any CPU
		{320FABF7-74A5-4301-9FA3-D0B4093091A0}.Release|Any CPU.ActiveCfg = Release|Any CPU
		{320FABF7-74A5-4301-9FA3-D0B4093091A0}.Release|Any CPU.Build.0 = Release|Any CPU
	EndGlobalSection
	GlobalSection(SolutionProperties) = preSolution
		HideSolutionNode = FALSE
	EndGlobalSection
	GlobalSection(ExtensibilityGlobals) = postSolution
		SolutionGuid = {6DD0AF7D-56D8-444C-B2E1-506C8D7B7542}
	EndGlobalSection
EndGlobal
