
Microsoft Visual Studio Solution File, Format Version 12.00
# Visual Studio Version 17
VisualStudioVersion = 17.10.35027.167
MinimumVisualStudioVersion = 10.0.40219.1
Project("{FAE04EC0-301F-11D3-BF4B-00C04F79EFBC}") = "AplicacionEscritorio", "AplicacionEscritorio\AplicacionEscritorio.csproj", "{F75FFF40-45DE-46B8-9379-A5DADAE5311B}"
EndProject
Global
	GlobalSection(SolutionConfigurationPlatforms) = preSolution
		Debug|Any CPU = Debug|Any CPU
		Release|Any CPU = Release|Any CPU
	EndGlobalSection
	GlobalSection(ProjectConfigurationPlatforms) = postSolution
		{F75FFF40-45DE-46B8-9379-A5DADAE5311B}.Debug|Any CPU.ActiveCfg = Debug|Any CPU
		{F75FFF40-45DE-46B8-9379-A5DADAE5311B}.Debug|Any CPU.Build.0 = Debug|Any CPU
		{F75FFF40-45DE-46B8-9379-A5DADAE5311B}.Release|Any CPU.ActiveCfg = Release|Any CPU
		{F75FFF40-45DE-46B8-9379-A5DADAE5311B}.Release|Any CPU.Build.0 = Release|Any CPU
	EndGlobalSection
	GlobalSection(SolutionProperties) = preSolution
		HideSolutionNode = FALSE
	EndGlobalSection
	GlobalSection(ExtensibilityGlobals) = postSolution
		SolutionGuid = {3926B5B1-0374-4461-B083-D6AC4DAB402D}
	EndGlobalSection
EndGlobal
